
Microsoft Visual Studio Solution File, Format Version 12.00
# Visual Studio Version 16
VisualStudioVersion = 16.0.30002.166
MinimumVisualStudioVersion = 10.0.40219.1
Project("{9A19103F-16F7-4668-BE54-9A1E7A4F7556}") = "PactSandbox", "PactSandbox\PactSandbox.csproj", "{048FBD92-2AF8-4B8E-B7B6-DE9494B17C49}"
EndProject
Project("{9A19103F-16F7-4668-BE54-9A1E7A4F7556}") = "PactSandbox.ClientTests", "PactSandbox.ClientTests\PactSandbox.ClientTests.csproj", "{D7AE29F1-639C-4C50-998E-D568ED3ED39B}"
EndProject
Project("{9A19103F-16F7-4668-BE54-9A1E7A4F7556}") = "PactSandbox.Client", "PactSandbox.Client\PactSandbox.Client.csproj", "{931AA64D-7CB3-4C62-9107-0740636C93EA}"
EndProject
Project("{9A19103F-16F7-4668-BE54-9A1E7A4F7556}") = "PactSandbox.Models", "PactSandbox.Models\PactSandbox.Models.csproj", "{13C95804-2BBF-4ED8-B8B5-D2CFE0EB7BEC}"
EndProject
Project("{FAE04EC0-301F-11D3-BF4B-00C04F79EFBC}") = "PactSandbox.ApiTests", "PactSandbox.ApiTests\PactSandbox.ApiTests.csproj", "{88C2FF86-1E43-4531-BFDA-A56EDAD5F889}"
EndProject
Global
	GlobalSection(SolutionConfigurationPlatforms) = preSolution
		Debug|Any CPU = Debug|Any CPU
		Release|Any CPU = Release|Any CPU
	EndGlobalSection
	GlobalSection(ProjectConfigurationPlatforms) = postSolution
		{048FBD92-2AF8-4B8E-B7B6-DE9494B17C49}.Debug|Any CPU.ActiveCfg = Debug|Any CPU
		{048FBD92-2AF8-4B8E-B7B6-DE9494B17C49}.Debug|Any CPU.Build.0 = Debug|Any CPU
		{048FBD92-2AF8-4B8E-B7B6-DE9494B17C49}.Release|Any CPU.ActiveCfg = Release|Any CPU
		{048FBD92-2AF8-4B8E-B7B6-DE9494B17C49}.Release|Any CPU.Build.0 = Release|Any CPU
		{D7AE29F1-639C-4C50-998E-D568ED3ED39B}.Debug|Any CPU.ActiveCfg = Debug|Any CPU
		{D7AE29F1-639C-4C50-998E-D568ED3ED39B}.Debug|Any CPU.Build.0 = Debug|Any CPU
		{D7AE29F1-639C-4C50-998E-D568ED3ED39B}.Release|Any CPU.ActiveCfg = Release|Any CPU
		{D7AE29F1-639C-4C50-998E-D568ED3ED39B}.Release|Any CPU.Build.0 = Release|Any CPU
		{931AA64D-7CB3-4C62-9107-0740636C93EA}.Debug|Any CPU.ActiveCfg = Debug|Any CPU
		{931AA64D-7CB3-4C62-9107-0740636C93EA}.Debug|Any CPU.Build.0 = Debug|Any CPU
		{931AA64D-7CB3-4C62-9107-0740636C93EA}.Release|Any CPU.ActiveCfg = Release|Any CPU
		{931AA64D-7CB3-4C62-9107-0740636C93EA}.Release|Any CPU.Build.0 = Release|Any CPU
		{13C95804-2BBF-4ED8-B8B5-D2CFE0EB7BEC}.Debug|Any CPU.ActiveCfg = Debug|Any CPU
		{13C95804-2BBF-4ED8-B8B5-D2CFE0EB7BEC}.Debug|Any CPU.Build.0 = Debug|Any CPU
		{13C95804-2BBF-4ED8-B8B5-D2CFE0EB7BEC}.Release|Any CPU.ActiveCfg = Release|Any CPU
		{13C95804-2BBF-4ED8-B8B5-D2CFE0EB7BEC}.Release|Any CPU.Build.0 = Release|Any CPU
		{88C2FF86-1E43-4531-BFDA-A56EDAD5F889}.Debug|Any CPU.ActiveCfg = Debug|Any CPU
		{88C2FF86-1E43-4531-BFDA-A56EDAD5F889}.Debug|Any CPU.Build.0 = Debug|Any CPU
		{88C2FF86-1E43-4531-BFDA-A56EDAD5F889}.Release|Any CPU.ActiveCfg = Release|Any CPU
		{88C2FF86-1E43-4531-BFDA-A56EDAD5F889}.Release|Any CPU.Build.0 = Release|Any CPU
	EndGlobalSection
	GlobalSection(SolutionProperties) = preSolution
		HideSolutionNode = FALSE
	EndGlobalSection
	GlobalSection(ExtensibilityGlobals) = postSolution
		SolutionGuid = {4A056937-1FF1-4FC5-9590-10C128AE54E1}
	EndGlobalSection
EndGlobal
